// !$*UTF8*$!
{
	archiveVersion = 1;
	classes = {
	};
	objectVersion = 51;
	objects = {

/* Begin PBXBuildFile section */
		054815CD23FD9B6A0093BE97 /* Parsable.swift in Sources */ = {isa = PBXBuildFile; fileRef = 054815CC23FD9B6A0093BE97 /* Parsable.swift */; };
		05B1EB5023FD64C300277B63 /* AppDelegate.swift in Sources */ = {isa = PBXBuildFile; fileRef = 05B1EB4F23FD64C300277B63 /* AppDelegate.swift */; };
		05B1EB5223FD64C300277B63 /* SceneDelegate.swift in Sources */ = {isa = PBXBuildFile; fileRef = 05B1EB5123FD64C300277B63 /* SceneDelegate.swift */; };
		05B1EB5423FD64C300277B63 /* BeerListViewController.swift in Sources */ = {isa = PBXBuildFile; fileRef = 05B1EB5323FD64C300277B63 /* BeerListViewController.swift */; };
		05B1EB5723FD64C300277B63 /* Main.storyboard in Resources */ = {isa = PBXBuildFile; fileRef = 05B1EB5523FD64C300277B63 /* Main.storyboard */; };
		05B1EB5923FD64C600277B63 /* Assets.xcassets in Resources */ = {isa = PBXBuildFile; fileRef = 05B1EB5823FD64C600277B63 /* Assets.xcassets */; };
		05B1EB5C23FD64C600277B63 /* LaunchScreen.storyboard in Resources */ = {isa = PBXBuildFile; fileRef = 05B1EB5A23FD64C600277B63 /* LaunchScreen.storyboard */; };
		05B1EB6723FD64C600277B63 /* PunkIPATests.swift in Sources */ = {isa = PBXBuildFile; fileRef = 05B1EB6623FD64C600277B63 /* PunkIPATests.swift */; };
		05B1EB7223FD64C600277B63 /* PunkIPAUITests.swift in Sources */ = {isa = PBXBuildFile; fileRef = 05B1EB7123FD64C600277B63 /* PunkIPAUITests.swift */; };
		05B1EB8323FD65CB00277B63 /* BeerListViewCell.swift in Sources */ = {isa = PBXBuildFile; fileRef = 05B1EB8123FD65CB00277B63 /* BeerListViewCell.swift */; };
		05B1EB8423FD65CB00277B63 /* BeerListViewCell.xib in Resources */ = {isa = PBXBuildFile; fileRef = 05B1EB8223FD65CB00277B63 /* BeerListViewCell.xib */; };
		05B1EB8623FD686D00277B63 /* UITableViewCellExtension.swift in Sources */ = {isa = PBXBuildFile; fileRef = 05B1EB8523FD686D00277B63 /* UITableViewCellExtension.swift */; };
		05B1EB8823FD729400277B63 /* NetworkService.swift in Sources */ = {isa = PBXBuildFile; fileRef = 05B1EB8723FD729400277B63 /* NetworkService.swift */; };
		05B1EB8A23FD72C000277B63 /* Resource.swift in Sources */ = {isa = PBXBuildFile; fileRef = 05B1EB8923FD72C000277B63 /* Resource.swift */; };
		05B1EB8E23FD733F00277B63 /* BeerListViewModel.swift in Sources */ = {isa = PBXBuildFile; fileRef = 05B1EB8D23FD733F00277B63 /* BeerListViewModel.swift */; };
		05B1EB9023FD738C00277B63 /* Beer.swift in Sources */ = {isa = PBXBuildFile; fileRef = 05B1EB8F23FD738C00277B63 /* Beer.swift */; };
		05B1EB9D23FD7F2100277B63 /* BeerDetailViewController.swift in Sources */ = {isa = PBXBuildFile; fileRef = 05B1EB9323FD7F2100277B63 /* BeerDetailViewController.swift */; };
		05B1EB9E23FD7F2100277B63 /* BeerDetailViewModel.swift in Sources */ = {isa = PBXBuildFile; fileRef = 05B1EB9423FD7F2100277B63 /* BeerDetailViewModel.swift */; };
		05B1EB9F23FD7F2100277B63 /* BeerDetailViewController.xib in Resources */ = {isa = PBXBuildFile; fileRef = 05B1EB9523FD7F2100277B63 /* BeerDetailViewController.xib */; };
		05B1EBA023FD7F2100277B63 /* IngredientCell.swift in Sources */ = {isa = PBXBuildFile; fileRef = 05B1EB9723FD7F2100277B63 /* IngredientCell.swift */; };
		05B1EBA223FD7F2100277B63 /* BeerImageCell.xib in Resources */ = {isa = PBXBuildFile; fileRef = 05B1EB9923FD7F2100277B63 /* BeerImageCell.xib */; };
		05B1EBA423FD7F2100277B63 /* BeerImageCell.swift in Sources */ = {isa = PBXBuildFile; fileRef = 05B1EB9B23FD7F2100277B63 /* BeerImageCell.swift */; };
		05B1EBA523FD7F2100277B63 /* IngredientCell.xib in Resources */ = {isa = PBXBuildFile; fileRef = 05B1EB9C23FD7F2100277B63 /* IngredientCell.xib */; };
		05B1EBA723FD831700277B63 /* Ingredient.swift in Sources */ = {isa = PBXBuildFile; fileRef = 05B1EBA623FD831700277B63 /* Ingredient.swift */; };
		05B1EBAA23FD843C00277B63 /* Amount.swift in Sources */ = {isa = PBXBuildFile; fileRef = 05B1EBA923FD843C00277B63 /* Amount.swift */; };
		7C59B1A8AC841BF27D50DCDB /* Pods_PunkIPATests.framework in Frameworks */ = {isa = PBXBuildFile; fileRef = 59C8AEE651352B53544A574E /* Pods_PunkIPATests.framework */; };
		AC772E21096EFAF2BB83BDDE /* Pods_PunkIPA.framework in Frameworks */ = {isa = PBXBuildFile; fileRef = EDBA18FB237B04C2069B8C34 /* Pods_PunkIPA.framework */; };
/* End PBXBuildFile section */

/* Begin PBXContainerItemProxy section */
		05B1EB6323FD64C600277B63 /* PBXContainerItemProxy */ = {
			isa = PBXContainerItemProxy;
			containerPortal = 05B1EB4423FD64C300277B63 /* Project object */;
			proxyType = 1;
			remoteGlobalIDString = 05B1EB4B23FD64C300277B63;
			remoteInfo = PunkIPA;
		};
		05B1EB6E23FD64C600277B63 /* PBXContainerItemProxy */ = {
			isa = PBXContainerItemProxy;
			containerPortal = 05B1EB4423FD64C300277B63 /* Project object */;
			proxyType = 1;
			remoteGlobalIDString = 05B1EB4B23FD64C300277B63;
			remoteInfo = PunkIPA;
		};
/* End PBXContainerItemProxy section */

/* Begin PBXFileReference section */
		054815CC23FD9B6A0093BE97 /* Parsable.swift */ = {isa = PBXFileReference; lastKnownFileType = sourcecode.swift; path = Parsable.swift; sourceTree = "<group>"; };
		05B1EB4C23FD64C300277B63 /* PunkIPA.app */ = {isa = PBXFileReference; explicitFileType = wrapper.application; includeInIndex = 0; path = PunkIPA.app; sourceTree = BUILT_PRODUCTS_DIR; };
		05B1EB4F23FD64C300277B63 /* AppDelegate.swift */ = {isa = PBXFileReference; lastKnownFileType = sourcecode.swift; path = AppDelegate.swift; sourceTree = "<group>"; };
		05B1EB5123FD64C300277B63 /* SceneDelegate.swift */ = {isa = PBXFileReference; lastKnownFileType = sourcecode.swift; path = SceneDelegate.swift; sourceTree = "<group>"; };
		05B1EB5323FD64C300277B63 /* BeerListViewController.swift */ = {isa = PBXFileReference; lastKnownFileType = sourcecode.swift; path = BeerListViewController.swift; sourceTree = "<group>"; };
		05B1EB5623FD64C300277B63 /* Base */ = {isa = PBXFileReference; lastKnownFileType = file.storyboard; name = Base; path = Base.lproj/Main.storyboard; sourceTree = "<group>"; };
		05B1EB5823FD64C600277B63 /* Assets.xcassets */ = {isa = PBXFileReference; lastKnownFileType = folder.assetcatalog; path = Assets.xcassets; sourceTree = "<group>"; };
		05B1EB5B23FD64C600277B63 /* Base */ = {isa = PBXFileReference; lastKnownFileType = file.storyboard; name = Base; path = Base.lproj/LaunchScreen.storyboard; sourceTree = "<group>"; };
		05B1EB5D23FD64C600277B63 /* Info.plist */ = {isa = PBXFileReference; lastKnownFileType = text.plist.xml; path = Info.plist; sourceTree = "<group>"; };
		05B1EB6223FD64C600277B63 /* PunkIPATests.xctest */ = {isa = PBXFileReference; explicitFileType = wrapper.cfbundle; includeInIndex = 0; path = PunkIPATests.xctest; sourceTree = BUILT_PRODUCTS_DIR; };
		05B1EB6623FD64C600277B63 /* PunkIPATests.swift */ = {isa = PBXFileReference; lastKnownFileType = sourcecode.swift; path = PunkIPATests.swift; sourceTree = "<group>"; };
		05B1EB6823FD64C600277B63 /* Info.plist */ = {isa = PBXFileReference; lastKnownFileType = text.plist.xml; path = Info.plist; sourceTree = "<group>"; };
		05B1EB6D23FD64C600277B63 /* PunkIPAUITests.xctest */ = {isa = PBXFileReference; explicitFileType = wrapper.cfbundle; includeInIndex = 0; path = PunkIPAUITests.xctest; sourceTree = BUILT_PRODUCTS_DIR; };
		05B1EB7123FD64C600277B63 /* PunkIPAUITests.swift */ = {isa = PBXFileReference; lastKnownFileType = sourcecode.swift; path = PunkIPAUITests.swift; sourceTree = "<group>"; };
		05B1EB7323FD64C600277B63 /* Info.plist */ = {isa = PBXFileReference; lastKnownFileType = text.plist.xml; path = Info.plist; sourceTree = "<group>"; };
		05B1EB8123FD65CB00277B63 /* BeerListViewCell.swift */ = {isa = PBXFileReference; lastKnownFileType = sourcecode.swift; path = BeerListViewCell.swift; sourceTree = "<group>"; };
		05B1EB8223FD65CB00277B63 /* BeerListViewCell.xib */ = {isa = PBXFileReference; lastKnownFileType = file.xib; path = BeerListViewCell.xib; sourceTree = "<group>"; };
		05B1EB8523FD686D00277B63 /* UITableViewCellExtension.swift */ = {isa = PBXFileReference; lastKnownFileType = sourcecode.swift; path = UITableViewCellExtension.swift; sourceTree = "<group>"; };
		05B1EB8723FD729400277B63 /* NetworkService.swift */ = {isa = PBXFileReference; fileEncoding = 4; lastKnownFileType = sourcecode.swift; path = NetworkService.swift; sourceTree = "<group>"; };
		05B1EB8923FD72C000277B63 /* Resource.swift */ = {isa = PBXFileReference; fileEncoding = 4; lastKnownFileType = sourcecode.swift; path = Resource.swift; sourceTree = "<group>"; };
		05B1EB8D23FD733F00277B63 /* BeerListViewModel.swift */ = {isa = PBXFileReference; lastKnownFileType = sourcecode.swift; path = BeerListViewModel.swift; sourceTree = "<group>"; };
		05B1EB8F23FD738C00277B63 /* Beer.swift */ = {isa = PBXFileReference; lastKnownFileType = sourcecode.swift; path = Beer.swift; sourceTree = "<group>"; };
		05B1EB9323FD7F2100277B63 /* BeerDetailViewController.swift */ = {isa = PBXFileReference; fileEncoding = 4; lastKnownFileType = sourcecode.swift; path = BeerDetailViewController.swift; sourceTree = "<group>"; };
		05B1EB9423FD7F2100277B63 /* BeerDetailViewModel.swift */ = {isa = PBXFileReference; fileEncoding = 4; lastKnownFileType = sourcecode.swift; path = BeerDetailViewModel.swift; sourceTree = "<group>"; };
		05B1EB9523FD7F2100277B63 /* BeerDetailViewController.xib */ = {isa = PBXFileReference; fileEncoding = 4; lastKnownFileType = file.xib; path = BeerDetailViewController.xib; sourceTree = "<group>"; };
		05B1EB9723FD7F2100277B63 /* IngredientCell.swift */ = {isa = PBXFileReference; fileEncoding = 4; lastKnownFileType = sourcecode.swift; path = IngredientCell.swift; sourceTree = "<group>"; };
		05B1EB9923FD7F2100277B63 /* BeerImageCell.xib */ = {isa = PBXFileReference; fileEncoding = 4; lastKnownFileType = file.xib; path = BeerImageCell.xib; sourceTree = "<group>"; };
		05B1EB9B23FD7F2100277B63 /* BeerImageCell.swift */ = {isa = PBXFileReference; fileEncoding = 4; lastKnownFileType = sourcecode.swift; path = BeerImageCell.swift; sourceTree = "<group>"; };
		05B1EB9C23FD7F2100277B63 /* IngredientCell.xib */ = {isa = PBXFileReference; fileEncoding = 4; lastKnownFileType = file.xib; path = IngredientCell.xib; sourceTree = "<group>"; };
		05B1EBA623FD831700277B63 /* Ingredient.swift */ = {isa = PBXFileReference; fileEncoding = 4; lastKnownFileType = sourcecode.swift; path = Ingredient.swift; sourceTree = "<group>"; };
		05B1EBA923FD843C00277B63 /* Amount.swift */ = {isa = PBXFileReference; lastKnownFileType = sourcecode.swift; path = Amount.swift; sourceTree = "<group>"; };
		1048743BE8BC92C2B3FE83C0 /* Pods-PunkIPA.debug.xcconfig */ = {isa = PBXFileReference; includeInIndex = 1; lastKnownFileType = text.xcconfig; name = "Pods-PunkIPA.debug.xcconfig"; path = "Target Support Files/Pods-PunkIPA/Pods-PunkIPA.debug.xcconfig"; sourceTree = "<group>"; };
		2C9BC7FAE2092BDD7AADDA2E /* Pods-PunkIPATests.release.xcconfig */ = {isa = PBXFileReference; includeInIndex = 1; lastKnownFileType = text.xcconfig; name = "Pods-PunkIPATests.release.xcconfig"; path = "Target Support Files/Pods-PunkIPATests/Pods-PunkIPATests.release.xcconfig"; sourceTree = "<group>"; };
		2EA0628CEB7CA62980D3C691 /* Pods-PunkIPATests.debug.xcconfig */ = {isa = PBXFileReference; includeInIndex = 1; lastKnownFileType = text.xcconfig; name = "Pods-PunkIPATests.debug.xcconfig"; path = "Target Support Files/Pods-PunkIPATests/Pods-PunkIPATests.debug.xcconfig"; sourceTree = "<group>"; };
		59C8AEE651352B53544A574E /* Pods_PunkIPATests.framework */ = {isa = PBXFileReference; explicitFileType = wrapper.framework; includeInIndex = 0; path = Pods_PunkIPATests.framework; sourceTree = BUILT_PRODUCTS_DIR; };
		AEFF39446502360A37DF426F /* Pods-PunkIPA.release.xcconfig */ = {isa = PBXFileReference; includeInIndex = 1; lastKnownFileType = text.xcconfig; name = "Pods-PunkIPA.release.xcconfig"; path = "Target Support Files/Pods-PunkIPA/Pods-PunkIPA.release.xcconfig"; sourceTree = "<group>"; };
		EDBA18FB237B04C2069B8C34 /* Pods_PunkIPA.framework */ = {isa = PBXFileReference; explicitFileType = wrapper.framework; includeInIndex = 0; path = Pods_PunkIPA.framework; sourceTree = BUILT_PRODUCTS_DIR; };
/* End PBXFileReference section */

/* Begin PBXFrameworksBuildPhase section */
		05B1EB4923FD64C300277B63 /* Frameworks */ = {
			isa = PBXFrameworksBuildPhase;
			buildActionMask = 2147483647;
			files = (
				AC772E21096EFAF2BB83BDDE /* Pods_PunkIPA.framework in Frameworks */,
			);
			runOnlyForDeploymentPostprocessing = 0;
		};
		05B1EB5F23FD64C600277B63 /* Frameworks */ = {
			isa = PBXFrameworksBuildPhase;
			buildActionMask = 2147483647;
			files = (
				7C59B1A8AC841BF27D50DCDB /* Pods_PunkIPATests.framework in Frameworks */,
			);
			runOnlyForDeploymentPostprocessing = 0;
		};
		05B1EB6A23FD64C600277B63 /* Frameworks */ = {
			isa = PBXFrameworksBuildPhase;
			buildActionMask = 2147483647;
			files = (
			);
			runOnlyForDeploymentPostprocessing = 0;
		};
/* End PBXFrameworksBuildPhase section */

/* Begin PBXGroup section */
		05B1EB4323FD64C300277B63 = {
			isa = PBXGroup;
			children = (
				05B1EB4E23FD64C300277B63 /* PunkIPA */,
				05B1EB6523FD64C600277B63 /* PunkIPATests */,
				05B1EB7023FD64C600277B63 /* PunkIPAUITests */,
				05B1EB4D23FD64C300277B63 /* Products */,
				D04C2855C41F82491930C7FB /* Pods */,
				CC7C8F5B26864BAAD6194CA3 /* Frameworks */,
			);
			sourceTree = "<group>";
		};
		05B1EB4D23FD64C300277B63 /* Products */ = {
			isa = PBXGroup;
			children = (
				05B1EB4C23FD64C300277B63 /* PunkIPA.app */,
				05B1EB6223FD64C600277B63 /* PunkIPATests.xctest */,
				05B1EB6D23FD64C600277B63 /* PunkIPAUITests.xctest */,
			);
			name = Products;
			sourceTree = "<group>";
		};
		05B1EB4E23FD64C300277B63 /* PunkIPA */ = {
			isa = PBXGroup;
			children = (
				05B1EBA823FD842B00277B63 /* Model */,
				05B1EB9223FD7F2100277B63 /* BeerDetails */,
				05B1EB8C23FD731300277B63 /* BeerList */,
				05B1EB8B23FD72EC00277B63 /* Networking */,
				05B1EB4F23FD64C300277B63 /* AppDelegate.swift */,
				05B1EB5123FD64C300277B63 /* SceneDelegate.swift */,
				05B1EB5523FD64C300277B63 /* Main.storyboard */,
				05B1EB5823FD64C600277B63 /* Assets.xcassets */,
				05B1EB5A23FD64C600277B63 /* LaunchScreen.storyboard */,
				05B1EB5D23FD64C600277B63 /* Info.plist */,
			);
			path = PunkIPA;
			sourceTree = "<group>";
		};
		05B1EB6523FD64C600277B63 /* PunkIPATests */ = {
			isa = PBXGroup;
			children = (
				05B1EB6623FD64C600277B63 /* PunkIPATests.swift */,
				05B1EB6823FD64C600277B63 /* Info.plist */,
			);
			path = PunkIPATests;
			sourceTree = "<group>";
		};
		05B1EB7023FD64C600277B63 /* PunkIPAUITests */ = {
			isa = PBXGroup;
			children = (
				05B1EB7123FD64C600277B63 /* PunkIPAUITests.swift */,
				05B1EB7323FD64C600277B63 /* Info.plist */,
			);
			path = PunkIPAUITests;
			sourceTree = "<group>";
		};
		05B1EB8B23FD72EC00277B63 /* Networking */ = {
			isa = PBXGroup;
			children = (
				05B1EB8923FD72C000277B63 /* Resource.swift */,
				05B1EB8723FD729400277B63 /* NetworkService.swift */,
			);
			path = Networking;
			sourceTree = "<group>";
		};
		05B1EB8C23FD731300277B63 /* BeerList */ = {
			isa = PBXGroup;
			children = (
				05B1EB8123FD65CB00277B63 /* BeerListViewCell.swift */,
				05B1EB8523FD686D00277B63 /* UITableViewCellExtension.swift */,
				05B1EB8223FD65CB00277B63 /* BeerListViewCell.xib */,
				05B1EB5323FD64C300277B63 /* BeerListViewController.swift */,
				05B1EB8D23FD733F00277B63 /* BeerListViewModel.swift */,
			);
			path = BeerList;
			sourceTree = "<group>";
		};
		05B1EB9223FD7F2100277B63 /* BeerDetails */ = {
			isa = PBXGroup;
			children = (
				05B1EB9323FD7F2100277B63 /* BeerDetailViewController.swift */,
				05B1EB9423FD7F2100277B63 /* BeerDetailViewModel.swift */,
				05B1EB9523FD7F2100277B63 /* BeerDetailViewController.xib */,
				05B1EB9623FD7F2100277B63 /* Views */,
			);
			path = BeerDetails;
			sourceTree = "<group>";
		};
		05B1EB9623FD7F2100277B63 /* Views */ = {
			isa = PBXGroup;
			children = (
				05B1EB9723FD7F2100277B63 /* IngredientCell.swift */,
				05B1EB9923FD7F2100277B63 /* BeerImageCell.xib */,
				05B1EB9B23FD7F2100277B63 /* BeerImageCell.swift */,
				05B1EB9C23FD7F2100277B63 /* IngredientCell.xib */,
			);
			path = Views;
			sourceTree = "<group>";
		};
		05B1EBA823FD842B00277B63 /* Model */ = {
			isa = PBXGroup;
			children = (
				05B1EB8F23FD738C00277B63 /* Beer.swift */,
				054815CC23FD9B6A0093BE97 /* Parsable.swift */,
				05B1EBA623FD831700277B63 /* Ingredient.swift */,
				05B1EBA923FD843C00277B63 /* Amount.swift */,
			);
			path = Model;
			sourceTree = "<group>";
		};
		CC7C8F5B26864BAAD6194CA3 /* Frameworks */ = {
			isa = PBXGroup;
			children = (
				EDBA18FB237B04C2069B8C34 /* Pods_PunkIPA.framework */,
				59C8AEE651352B53544A574E /* Pods_PunkIPATests.framework */,
			);
			name = Frameworks;
			sourceTree = "<group>";
		};
		D04C2855C41F82491930C7FB /* Pods */ = {
			isa = PBXGroup;
			children = (
				1048743BE8BC92C2B3FE83C0 /* Pods-PunkIPA.debug.xcconfig */,
				AEFF39446502360A37DF426F /* Pods-PunkIPA.release.xcconfig */,
				2EA0628CEB7CA62980D3C691 /* Pods-PunkIPATests.debug.xcconfig */,
				2C9BC7FAE2092BDD7AADDA2E /* Pods-PunkIPATests.release.xcconfig */,
			);
			path = Pods;
			sourceTree = "<group>";
		};
/* End PBXGroup section */

/* Begin PBXNativeTarget section */
		05B1EB4B23FD64C300277B63 /* PunkIPA */ = {
			isa = PBXNativeTarget;
			buildConfigurationList = 05B1EB7623FD64C600277B63 /* Build configuration list for PBXNativeTarget "PunkIPA" */;
			buildPhases = (
				8D790756F2B4B5A38DED289A /* [CP] Check Pods Manifest.lock */,
				05B1EB4823FD64C300277B63 /* Sources */,
				05B1EB4923FD64C300277B63 /* Frameworks */,
				05B1EB4A23FD64C300277B63 /* Resources */,
				515444011D7153568015DF5C /* [CP] Embed Pods Frameworks */,
			);
			buildRules = (
			);
			dependencies = (
			);
			name = PunkIPA;
			productName = PunkIPA;
			productReference = 05B1EB4C23FD64C300277B63 /* PunkIPA.app */;
			productType = "com.apple.product-type.application";
		};
		05B1EB6123FD64C600277B63 /* PunkIPATests */ = {
			isa = PBXNativeTarget;
			buildConfigurationList = 05B1EB7923FD64C600277B63 /* Build configuration list for PBXNativeTarget "PunkIPATests" */;
			buildPhases = (
				0A0459EF10615B70057F70C1 /* [CP] Check Pods Manifest.lock */,
				05B1EB5E23FD64C600277B63 /* Sources */,
				05B1EB5F23FD64C600277B63 /* Frameworks */,
				05B1EB6023FD64C600277B63 /* Resources */,
				3E3FC7120502B8F8FFED32A6 /* [CP] Embed Pods Frameworks */,
			);
			buildRules = (
			);
			dependencies = (
				05B1EB6423FD64C600277B63 /* PBXTargetDependency */,
			);
			name = PunkIPATests;
			productName = PunkIPATests;
			productReference = 05B1EB6223FD64C600277B63 /* PunkIPATests.xctest */;
			productType = "com.apple.product-type.bundle.unit-test";
		};
		05B1EB6C23FD64C600277B63 /* PunkIPAUITests */ = {
			isa = PBXNativeTarget;
			buildConfigurationList = 05B1EB7C23FD64C600277B63 /* Build configuration list for PBXNativeTarget "PunkIPAUITests" */;
			buildPhases = (
				05B1EB6923FD64C600277B63 /* Sources */,
				05B1EB6A23FD64C600277B63 /* Frameworks */,
				05B1EB6B23FD64C600277B63 /* Resources */,
			);
			buildRules = (
			);
			dependencies = (
				05B1EB6F23FD64C600277B63 /* PBXTargetDependency */,
			);
			name = PunkIPAUITests;
			productName = PunkIPAUITests;
			productReference = 05B1EB6D23FD64C600277B63 /* PunkIPAUITests.xctest */;
			productType = "com.apple.product-type.bundle.ui-testing";
		};
/* End PBXNativeTarget section */

/* Begin PBXProject section */
		05B1EB4423FD64C300277B63 /* Project object */ = {
			isa = PBXProject;
			attributes = {
				LastSwiftUpdateCheck = 1120;
				LastUpgradeCheck = 1120;
				ORGANIZATIONNAME = "Andrei Mirzac";
				TargetAttributes = {
					05B1EB4B23FD64C300277B63 = {
						CreatedOnToolsVersion = 11.2.1;
					};
					05B1EB6123FD64C600277B63 = {
						CreatedOnToolsVersion = 11.2.1;
						TestTargetID = 05B1EB4B23FD64C300277B63;
					};
					05B1EB6C23FD64C600277B63 = {
						CreatedOnToolsVersion = 11.2.1;
						TestTargetID = 05B1EB4B23FD64C300277B63;
					};
				};
			};
			buildConfigurationList = 05B1EB4723FD64C300277B63 /* Build configuration list for PBXProject "PunkIPA" */;
			compatibilityVersion = "Xcode 9.3";
			developmentRegion = en;
			hasScannedForEncodings = 0;
			knownRegions = (
				en,
				Base,
			);
			mainGroup = 05B1EB4323FD64C300277B63;
			productRefGroup = 05B1EB4D23FD64C300277B63 /* Products */;
			projectDirPath = "";
			projectRoot = "";
			targets = (
				05B1EB4B23FD64C300277B63 /* PunkIPA */,
				05B1EB6123FD64C600277B63 /* PunkIPATests */,
				05B1EB6C23FD64C600277B63 /* PunkIPAUITests */,
			);
		};
/* End PBXProject section */

/* Begin PBXResourcesBuildPhase section */
		05B1EB4A23FD64C300277B63 /* Resources */ = {
			isa = PBXResourcesBuildPhase;
			buildActionMask = 2147483647;
			files = (
				05B1EB5C23FD64C600277B63 /* LaunchScreen.storyboard in Resources */,
				05B1EBA223FD7F2100277B63 /* BeerImageCell.xib in Resources */,
				05B1EBA523FD7F2100277B63 /* IngredientCell.xib in Resources */,
				05B1EB5923FD64C600277B63 /* Assets.xcassets in Resources */,
				05B1EB9F23FD7F2100277B63 /* BeerDetailViewController.xib in Resources */,
				05B1EB8423FD65CB00277B63 /* BeerListViewCell.xib in Resources */,
				05B1EB5723FD64C300277B63 /* Main.storyboard in Resources */,
			);
			runOnlyForDeploymentPostprocessing = 0;
		};
		05B1EB6023FD64C600277B63 /* Resources */ = {
			isa = PBXResourcesBuildPhase;
			buildActionMask = 2147483647;
			files = (
			);
			runOnlyForDeploymentPostprocessing = 0;
		};
		05B1EB6B23FD64C600277B63 /* Resources */ = {
			isa = PBXResourcesBuildPhase;
			buildActionMask = 2147483647;
			files = (
			);
			runOnlyForDeploymentPostprocessing = 0;
		};
/* End PBXResourcesBuildPhase section */

/* Begin PBXShellScriptBuildPhase section */
		0A0459EF10615B70057F70C1 /* [CP] Check Pods Manifest.lock */ = {
			isa = PBXShellScriptBuildPhase;
			buildActionMask = 2147483647;
			files = (
			);
			inputFileListPaths = (
			);
			inputPaths = (
				"${PODS_PODFILE_DIR_PATH}/Podfile.lock",
				"${PODS_ROOT}/Manifest.lock",
			);
			name = "[CP] Check Pods Manifest.lock";
			outputFileListPaths = (
			);
			outputPaths = (
				"$(DERIVED_FILE_DIR)/Pods-PunkIPATests-checkManifestLockResult.txt",
			);
			runOnlyForDeploymentPostprocessing = 0;
			shellPath = /bin/sh;
			shellScript = "diff \"${PODS_PODFILE_DIR_PATH}/Podfile.lock\" \"${PODS_ROOT}/Manifest.lock\" > /dev/null\nif [ $? != 0 ] ; then\n    # print error to STDERR\n    echo \"error: The sandbox is not in sync with the Podfile.lock. Run 'pod install' or update your CocoaPods installation.\" >&2\n    exit 1\nfi\n# This output is used by Xcode 'outputs' to avoid re-running this script phase.\necho \"SUCCESS\" > \"${SCRIPT_OUTPUT_FILE_0}\"\n";
			showEnvVarsInLog = 0;
		};
		3E3FC7120502B8F8FFED32A6 /* [CP] Embed Pods Frameworks */ = {
			isa = PBXShellScriptBuildPhase;
			buildActionMask = 2147483647;
			files = (
			);
			inputFileListPaths = (
				"${PODS_ROOT}/Target Support Files/Pods-PunkIPATests/Pods-PunkIPATests-frameworks-${CONFIGURATION}-input-files.xcfilelist",
			);
			name = "[CP] Embed Pods Frameworks";
			outputFileListPaths = (
				"${PODS_ROOT}/Target Support Files/Pods-PunkIPATests/Pods-PunkIPATests-frameworks-${CONFIGURATION}-output-files.xcfilelist",
			);
			runOnlyForDeploymentPostprocessing = 0;
			shellPath = /bin/sh;
			shellScript = "\"${PODS_ROOT}/Target Support Files/Pods-PunkIPATests/Pods-PunkIPATests-frameworks.sh\"\n";
			showEnvVarsInLog = 0;
		};
		515444011D7153568015DF5C /* [CP] Embed Pods Frameworks */ = {
			isa = PBXShellScriptBuildPhase;
			buildActionMask = 2147483647;
			files = (
			);
			inputFileListPaths = (
				"${PODS_ROOT}/Target Support Files/Pods-PunkIPA/Pods-PunkIPA-frameworks-${CONFIGURATION}-input-files.xcfilelist",
			);
			name = "[CP] Embed Pods Frameworks";
			outputFileListPaths = (
				"${PODS_ROOT}/Target Support Files/Pods-PunkIPA/Pods-PunkIPA-frameworks-${CONFIGURATION}-output-files.xcfilelist",
			);
			runOnlyForDeploymentPostprocessing = 0;
			shellPath = /bin/sh;
			shellScript = "\"${PODS_ROOT}/Target Support Files/Pods-PunkIPA/Pods-PunkIPA-frameworks.sh\"\n";
			showEnvVarsInLog = 0;
		};
		8D790756F2B4B5A38DED289A /* [CP] Check Pods Manifest.lock */ = {
			isa = PBXShellScriptBuildPhase;
			buildActionMask = 2147483647;
			files = (
			);
			inputFileListPaths = (
			);
			inputPaths = (
				"${PODS_PODFILE_DIR_PATH}/Podfile.lock",
				"${PODS_ROOT}/Manifest.lock",
			);
			name = "[CP] Check Pods Manifest.lock";
			outputFileListPaths = (
			);
			outputPaths = (
				"$(DERIVED_FILE_DIR)/Pods-PunkIPA-checkManifestLockResult.txt",
			);
			runOnlyForDeploymentPostprocessing = 0;
			shellPath = /bin/sh;
			shellScript = "diff \"${PODS_PODFILE_DIR_PATH}/Podfile.lock\" \"${PODS_ROOT}/Manifest.lock\" > /dev/null\nif [ $? != 0 ] ; then\n    # print error to STDERR\n    echo \"error: The sandbox is not in sync with the Podfile.lock. Run 'pod install' or update your CocoaPods installation.\" >&2\n    exit 1\nfi\n# This output is used by Xcode 'outputs' to avoid re-running this script phase.\necho \"SUCCESS\" > \"${SCRIPT_OUTPUT_FILE_0}\"\n";
			showEnvVarsInLog = 0;
		};
/* End PBXShellScriptBuildPhase section */

/* Begin PBXSourcesBuildPhase section */
		05B1EB4823FD64C300277B63 /* Sources */ = {
			isa = PBXSourcesBuildPhase;
			buildActionMask = 2147483647;
			files = (
				05B1EB8E23FD733F00277B63 /* BeerListViewModel.swift in Sources */,
				05B1EB9023FD738C00277B63 /* Beer.swift in Sources */,
				05B1EBA723FD831700277B63 /* Ingredient.swift in Sources */,
				05B1EB9E23FD7F2100277B63 /* BeerDetailViewModel.swift in Sources */,
				05B1EB5423FD64C300277B63 /* BeerListViewController.swift in Sources */,
				05B1EB9D23FD7F2100277B63 /* BeerDetailViewController.swift in Sources */,
				05B1EB5023FD64C300277B63 /* AppDelegate.swift in Sources */,
				05B1EBA023FD7F2100277B63 /* IngredientCell.swift in Sources */,
				05B1EB8623FD686D00277B63 /* UITableViewCellExtension.swift in Sources */,
				054815CD23FD9B6A0093BE97 /* Parsable.swift in Sources */,
				05B1EBA423FD7F2100277B63 /* BeerImageCell.swift in Sources */,
				05B1EBAA23FD843C00277B63 /* Amount.swift in Sources */,
				05B1EB8323FD65CB00277B63 /* BeerListViewCell.swift in Sources */,
				05B1EB8823FD729400277B63 /* NetworkService.swift in Sources */,
				05B1EB5223FD64C300277B63 /* SceneDelegate.swift in Sources */,
				05B1EB8A23FD72C000277B63 /* Resource.swift in Sources */,
			);
			runOnlyForDeploymentPostprocessing = 0;
		};
		05B1EB5E23FD64C600277B63 /* Sources */ = {
			isa = PBXSourcesBuildPhase;
			buildActionMask = 2147483647;
			files = (
				05B1EB6723FD64C600277B63 /* PunkIPATests.swift in Sources */,
			);
			runOnlyForDeploymentPostprocessing = 0;
		};
		05B1EB6923FD64C600277B63 /* Sources */ = {
			isa = PBXSourcesBuildPhase;
			buildActionMask = 2147483647;
			files = (
				05B1EB7223FD64C600277B63 /* PunkIPAUITests.swift in Sources */,
			);
			runOnlyForDeploymentPostprocessing = 0;
		};
/* End PBXSourcesBuildPhase section */

/* Begin PBXTargetDependency section */
		05B1EB6423FD64C600277B63 /* PBXTargetDependency */ = {
			isa = PBXTargetDependency;
			target = 05B1EB4B23FD64C300277B63 /* PunkIPA */;
			targetProxy = 05B1EB6323FD64C600277B63 /* PBXContainerItemProxy */;
		};
		05B1EB6F23FD64C600277B63 /* PBXTargetDependency */ = {
			isa = PBXTargetDependency;
			target = 05B1EB4B23FD64C300277B63 /* PunkIPA */;
			targetProxy = 05B1EB6E23FD64C600277B63 /* PBXContainerItemProxy */;
		};
/* End PBXTargetDependency section */

/* Begin PBXVariantGroup section */
		05B1EB5523FD64C300277B63 /* Main.storyboard */ = {
			isa = PBXVariantGroup;
			children = (
				05B1EB5623FD64C300277B63 /* Base */,
			);
			name = Main.storyboard;
			sourceTree = "<group>";
		};
		05B1EB5A23FD64C600277B63 /* LaunchScreen.storyboard */ = {
			isa = PBXVariantGroup;
			children = (
				05B1EB5B23FD64C600277B63 /* Base */,
			);
			name = LaunchScreen.storyboard;
			sourceTree = "<group>";
		};
/* End PBXVariantGroup section */

/* Begin XCBuildConfiguration section */
		05B1EB7423FD64C600277B63 /* Debug */ = {
			isa = XCBuildConfiguration;
			buildSettings = {
				ALWAYS_SEARCH_USER_PATHS = NO;
				CLANG_ANALYZER_NONNULL = YES;
				CLANG_ANALYZER_NUMBER_OBJECT_CONVERSION = YES_AGGRESSIVE;
				CLANG_CXX_LANGUAGE_STANDARD = "gnu++14";
				CLANG_CXX_LIBRARY = "libc++";
				CLANG_ENABLE_MODULES = YES;
				CLANG_ENABLE_OBJC_ARC = YES;
				CLANG_ENABLE_OBJC_WEAK = YES;
				CLANG_WARN_BLOCK_CAPTURE_AUTORELEASING = YES;
				CLANG_WARN_BOOL_CONVERSION = YES;
				CLANG_WARN_COMMA = YES;
				CLANG_WARN_CONSTANT_CONVERSION = YES;
				CLANG_WARN_DEPRECATED_OBJC_IMPLEMENTATIONS = YES;
				CLANG_WARN_DIRECT_OBJC_ISA_USAGE = YES_ERROR;
				CLANG_WARN_DOCUMENTATION_COMMENTS = YES;
				CLANG_WARN_EMPTY_BODY = YES;
				CLANG_WARN_ENUM_CONVERSION = YES;
				CLANG_WARN_INFINITE_RECURSION = YES;
				CLANG_WARN_INT_CONVERSION = YES;
				CLANG_WARN_NON_LITERAL_NULL_CONVERSION = YES;
				CLANG_WARN_OBJC_IMPLICIT_RETAIN_SELF = YES;
				CLANG_WARN_OBJC_LITERAL_CONVERSION = YES;
				CLANG_WARN_OBJC_ROOT_CLASS = YES_ERROR;
				CLANG_WARN_RANGE_LOOP_ANALYSIS = YES;
				CLANG_WARN_STRICT_PROTOTYPES = YES;
				CLANG_WARN_SUSPICIOUS_MOVE = YES;
				CLANG_WARN_UNGUARDED_AVAILABILITY = YES_AGGRESSIVE;
				CLANG_WARN_UNREACHABLE_CODE = YES;
				CLANG_WARN__DUPLICATE_METHOD_MATCH = YES;
				COPY_PHASE_STRIP = NO;
				DEBUG_INFORMATION_FORMAT = dwarf;
				ENABLE_STRICT_OBJC_MSGSEND = YES;
				ENABLE_TESTABILITY = YES;
				GCC_C_LANGUAGE_STANDARD = gnu11;
				GCC_DYNAMIC_NO_PIC = NO;
				GCC_NO_COMMON_BLOCKS = YES;
				GCC_OPTIMIZATION_LEVEL = 0;
				GCC_PREPROCESSOR_DEFINITIONS = (
					"DEBUG=1",
					"$(inherited)",
				);
				GCC_WARN_64_TO_32_BIT_CONVERSION = YES;
				GCC_WARN_ABOUT_RETURN_TYPE = YES_ERROR;
				GCC_WARN_UNDECLARED_SELECTOR = YES;
				GCC_WARN_UNINITIALIZED_AUTOS = YES_AGGRESSIVE;
				GCC_WARN_UNUSED_FUNCTION = YES;
				GCC_WARN_UNUSED_VARIABLE = YES;
				IPHONEOS_DEPLOYMENT_TARGET = 13.2;
				MTL_ENABLE_DEBUG_INFO = INCLUDE_SOURCE;
				MTL_FAST_MATH = YES;
				ONLY_ACTIVE_ARCH = YES;
				SDKROOT = iphoneos;
				SWIFT_ACTIVE_COMPILATION_CONDITIONS = DEBUG;
				SWIFT_OPTIMIZATION_LEVEL = "-Onone";
			};
			name = Debug;
		};
		05B1EB7523FD64C600277B63 /* Release */ = {
			isa = XCBuildConfiguration;
			buildSettings = {
				ALWAYS_SEARCH_USER_PATHS = NO;
				CLANG_ANALYZER_NONNULL = YES;
				CLANG_ANALYZER_NUMBER_OBJECT_CONVERSION = YES_AGGRESSIVE;
				CLANG_CXX_LANGUAGE_STANDARD = "gnu++14";
				CLANG_CXX_LIBRARY = "libc++";
				CLANG_ENABLE_MODULES = YES;
				CLANG_ENABLE_OBJC_ARC = YES;
				CLANG_ENABLE_OBJC_WEAK = YES;
				CLANG_WARN_BLOCK_CAPTURE_AUTORELEASING = YES;
				CLANG_WARN_BOOL_CONVERSION = YES;
				CLANG_WARN_COMMA = YES;
				CLANG_WARN_CONSTANT_CONVERSION = YES;
				CLANG_WARN_DEPRECATED_OBJC_IMPLEMENTATIONS = YES;
				CLANG_WARN_DIRECT_OBJC_ISA_USAGE = YES_ERROR;
				CLANG_WARN_DOCUMENTATION_COMMENTS = YES;
				CLANG_WARN_EMPTY_BODY = YES;
				CLANG_WARN_ENUM_CONVERSION = YES;
				CLANG_WARN_INFINITE_RECURSION = YES;
				CLANG_WARN_INT_CONVERSION = YES;
				CLANG_WARN_NON_LITERAL_NULL_CONVERSION = YES;
				CLANG_WARN_OBJC_IMPLICIT_RETAIN_SELF = YES;
				CLANG_WARN_OBJC_LITERAL_CONVERSION = YES;
				CLANG_WARN_OBJC_ROOT_CLASS = YES_ERROR;
				CLANG_WARN_RANGE_LOOP_ANALYSIS = YES;
				CLANG_WARN_STRICT_PROTOTYPES = YES;
				CLANG_WARN_SUSPICIOUS_MOVE = YES;
				CLANG_WARN_UNGUARDED_AVAILABILITY = YES_AGGRESSIVE;
				CLANG_WARN_UNREACHABLE_CODE = YES;
				CLANG_WARN__DUPLICATE_METHOD_MATCH = YES;
				COPY_PHASE_STRIP = NO;
				DEBUG_INFORMATION_FORMAT = "dwarf-with-dsym";
				ENABLE_NS_ASSERTIONS = NO;
				ENABLE_STRICT_OBJC_MSGSEND = YES;
				GCC_C_LANGUAGE_STANDARD = gnu11;
				GCC_NO_COMMON_BLOCKS = YES;
				GCC_WARN_64_TO_32_BIT_CONVERSION = YES;
				GCC_WARN_ABOUT_RETURN_TYPE = YES_ERROR;
				GCC_WARN_UNDECLARED_SELECTOR = YES;
				GCC_WARN_UNINITIALIZED_AUTOS = YES_AGGRESSIVE;
				GCC_WARN_UNUSED_FUNCTION = YES;
				GCC_WARN_UNUSED_VARIABLE = YES;
				IPHONEOS_DEPLOYMENT_TARGET = 13.2;
				MTL_ENABLE_DEBUG_INFO = NO;
				MTL_FAST_MATH = YES;
				SDKROOT = iphoneos;
				SWIFT_COMPILATION_MODE = wholemodule;
				SWIFT_OPTIMIZATION_LEVEL = "-O";
				VALIDATE_PRODUCT = YES;
			};
			name = Release;
		};
		05B1EB7723FD64C600277B63 /* Debug */ = {
			isa = XCBuildConfiguration;
			baseConfigurationReference = 1048743BE8BC92C2B3FE83C0 /* Pods-PunkIPA.debug.xcconfig */;
			buildSettings = {
				ASSETCATALOG_COMPILER_APPICON_NAME = AppIcon;
				CODE_SIGN_STYLE = Automatic;
				DEVELOPMENT_TEAM = F9ZFTYE6XQ;
				INFOPLIST_FILE = PunkIPA/Info.plist;
				LD_RUNPATH_SEARCH_PATHS = (
					"$(inherited)",
					"@executable_path/Frameworks",
				);
				PRODUCT_BUNDLE_IDENTIFIER = com.personal.andreiMirzac.PunkIPA;
				PRODUCT_NAME = "$(TARGET_NAME)";
				SWIFT_VERSION = 5.0;
				TARGETED_DEVICE_FAMILY = "1,2";
			};
			name = Debug;
		};
		05B1EB7823FD64C600277B63 /* Release */ = {
			isa = XCBuildConfiguration;
			baseConfigurationReference = AEFF39446502360A37DF426F /* Pods-PunkIPA.release.xcconfig */;
			buildSettings = {
				ASSETCATALOG_COMPILER_APPICON_NAME = AppIcon;
				CODE_SIGN_STYLE = Automatic;
				DEVELOPMENT_TEAM = F9ZFTYE6XQ;
				INFOPLIST_FILE = PunkIPA/Info.plist;
				LD_RUNPATH_SEARCH_PATHS = (
					"$(inherited)",
					"@executable_path/Frameworks",
				);
				PRODUCT_BUNDLE_IDENTIFIER = com.personal.andreiMirzac.PunkIPA;
				PRODUCT_NAME = "$(TARGET_NAME)";
				SWIFT_VERSION = 5.0;
				TARGETED_DEVICE_FAMILY = "1,2";
			};
			name = Release;
		};
		05B1EB7A23FD64C600277B63 /* Debug */ = {
			isa = XCBuildConfiguration;
			baseConfigurationReference = 2EA0628CEB7CA62980D3C691 /* Pods-PunkIPATests.debug.xcconfig */;
			buildSettings = {
				ALWAYS_EMBED_SWIFT_STANDARD_LIBRARIES = YES;
				BUNDLE_LOADER = "$(TEST_HOST)";
				CODE_SIGN_STYLE = Automatic;
				DEVELOPMENT_TEAM = F9ZFTYE6XQ;
				INFOPLIST_FILE = PunkIPATests/Info.plist;
				IPHONEOS_DEPLOYMENT_TARGET = 13.2;
				LD_RUNPATH_SEARCH_PATHS = (
					"$(inherited)",
					"@executable_path/Frameworks",
					"@loader_path/Frameworks",
				);
				PRODUCT_BUNDLE_IDENTIFIER = com.personal.andreiMirzac.PunkIPATests;
				PRODUCT_NAME = "$(TARGET_NAME)";
				SWIFT_VERSION = 5.0;
				TARGETED_DEVICE_FAMILY = "1,2";
				TEST_HOST = "$(BUILT_PRODUCTS_DIR)/PunkIPA.app/PunkIPA";
			};
			name = Debug;
		};
		05B1EB7B23FD64C600277B63 /* Release */ = {
			isa = XCBuildConfiguration;
			baseConfigurationReference = 2C9BC7FAE2092BDD7AADDA2E /* Pods-PunkIPATests.release.xcconfig */;
			buildSettings = {
				ALWAYS_EMBED_SWIFT_STANDARD_LIBRARIES = YES;
				BUNDLE_LOADER = "$(TEST_HOST)";
				CODE_SIGN_STYLE = Automatic;
				DEVELOPMENT_TEAM = F9ZFTYE6XQ;
				INFOPLIST_FILE = PunkIPATests/Info.plist;
				IPHONEOS_DEPLOYMENT_TARGET = 13.2;
				LD_RUNPATH_SEARCH_PATHS = (
					"$(inherited)",
					"@executable_path/Frameworks",
					"@loader_path/Frameworks",
				);
				PRODUCT_BUNDLE_IDENTIFIER = com.personal.andreiMirzac.PunkIPATests;
				PRODUCT_NAME = "$(TARGET_NAME)";
				SWIFT_VERSION = 5.0;
				TARGETED_DEVICE_FAMILY = "1,2";
				TEST_HOST = "$(BUILT_PRODUCTS_DIR)/PunkIPA.app/PunkIPA";
			};
			name = Release;
		};
		05B1EB7D23FD64C600277B63 /* Debug */ = {
			isa = XCBuildConfiguration;
			buildSettings = {
				ALWAYS_EMBED_SWIFT_STANDARD_LIBRARIES = YES;
				CODE_SIGN_STYLE = Automatic;
				DEVELOPMENT_TEAM = F9ZFTYE6XQ;
				INFOPLIST_FILE = PunkIPAUITests/Info.plist;
				LD_RUNPATH_SEARCH_PATHS = (
					"$(inherited)",
					"@executable_path/Frameworks",
					"@loader_path/Frameworks",
				);
				PRODUCT_BUNDLE_IDENTIFIER = com.personal.andreiMirzac.PunkIPAUITests;
				PRODUCT_NAME = "$(TARGET_NAME)";
				SWIFT_VERSION = 5.0;
				TARGETED_DEVICE_FAMILY = "1,2";
				TEST_TARGET_NAME = PunkIPA;
			};
			name = Debug;
		};
		05B1EB7E23FD64C600277B63 /* Release */ = {
			isa = XCBuildConfiguration;
			buildSettings = {
				ALWAYS_EMBED_SWIFT_STANDARD_LIBRARIES = YES;
				CODE_SIGN_STYLE = Automatic;
				DEVELOPMENT_TEAM = F9ZFTYE6XQ;
				INFOPLIST_FILE = PunkIPAUITests/Info.plist;
				LD_RUNPATH_SEARCH_PATHS = (
					"$(inherited)",
					"@executable_path/Frameworks",
					"@loader_path/Frameworks",
				);
				PRODUCT_BUNDLE_IDENTIFIER = com.personal.andreiMirzac.PunkIPAUITests;
				PRODUCT_NAME = "$(TARGET_NAME)";
				SWIFT_VERSION = 5.0;
				TARGETED_DEVICE_FAMILY = "1,2";
				TEST_TARGET_NAME = PunkIPA;
			};
			name = Release;
		};
/* End XCBuildConfiguration section */

/* Begin XCConfigurationList section */
		05B1EB4723FD64C300277B63 /* Build configuration list for PBXProject "PunkIPA" */ = {
			isa = XCConfigurationList;
			buildConfigurations = (
				05B1EB7423FD64C600277B63 /* Debug */,
				05B1EB7523FD64C600277B63 /* Release */,
			);
			defaultConfigurationIsVisible = 0;
			defaultConfigurationName = Release;
		};
		05B1EB7623FD64C600277B63 /* Build configuration list for PBXNativeTarget "PunkIPA" */ = {
			isa = XCConfigurationList;
			buildConfigurations = (
				05B1EB7723FD64C600277B63 /* Debug */,
				05B1EB7823FD64C600277B63 /* Release */,
			);
			defaultConfigurationIsVisible = 0;
			defaultConfigurationName = Release;
		};
		05B1EB7923FD64C600277B63 /* Build configuration list for PBXNativeTarget "PunkIPATests" */ = {
			isa = XCConfigurationList;
			buildConfigurations = (
				05B1EB7A23FD64C600277B63 /* Debug */,
				05B1EB7B23FD64C600277B63 /* Release */,
			);
			defaultConfigurationIsVisible = 0;
			defaultConfigurationName = Release;
		};
		05B1EB7C23FD64C600277B63 /* Build configuration list for PBXNativeTarget "PunkIPAUITests" */ = {
			isa = XCConfigurationList;
			buildConfigurations = (
				05B1EB7D23FD64C600277B63 /* Debug */,
				05B1EB7E23FD64C600277B63 /* Release */,
			);
			defaultConfigurationIsVisible = 0;
			defaultConfigurationName = Release;
		};
/* End XCConfigurationList section */
	};
	rootObject = 05B1EB4423FD64C300277B63 /* Project object */;
}
